// !$*UTF8*$!
{
	archiveVersion = 1;
	classes = {
	};
	objectVersion = 46;
	objects = {

/* Begin PBXBuildFile section */
		182651601B82858900E0B94C /* main.m in Sources */ = {isa = PBXBuildFile; fileRef = 1826515F1B82858900E0B94C /* main.m */; };
		182651631B82858900E0B94C /* AppDelegate.m in Sources */ = {isa = PBXBuildFile; fileRef = 182651621B82858900E0B94C /* AppDelegate.m */; };
		182651691B82858900E0B94C /* Main.storyboard in Resources */ = {isa = PBXBuildFile; fileRef = 182651671B82858900E0B94C /* Main.storyboard */; };
		1826516B1B82858900E0B94C /* Images.xcassets in Resources */ = {isa = PBXBuildFile; fileRef = 1826516A1B82858900E0B94C /* Images.xcassets */; };
		1826516E1B82858900E0B94C /* LaunchScreen.xib in Resources */ = {isa = PBXBuildFile; fileRef = 1826516C1B82858900E0B94C /* LaunchScreen.xib */; };
		1826517A1B82858900E0B94C /* CurveLineDemoTests.m in Sources */ = {isa = PBXBuildFile; fileRef = 182651791B82858900E0B94C /* CurveLineDemoTests.m */; };
		183E77F61C882C0C001D575E /* LuJinSuoOrderCell.m in Sources */ = {isa = PBXBuildFile; fileRef = 183E77EF1C882C0C001D575E /* LuJinSuoOrderCell.m */; };
		183E77F71C882C0C001D575E /* LuJinSuoOrderDetailCell.m in Sources */ = {isa = PBXBuildFile; fileRef = 183E77F11C882C0C001D575E /* LuJinSuoOrderDetailCell.m */; };
		183E77F81C882C0C001D575E /* LuJinSuoProductCell.m in Sources */ = {isa = PBXBuildFile; fileRef = 183E77F31C882C0C001D575E /* LuJinSuoProductCell.m */; };
		184966D31B9C3B6400B51494 /* ViewController.m in Sources */ = {isa = PBXBuildFile; fileRef = 184966CB1B9C3B6400B51494 /* ViewController.m */; };
		18A12EE01C86C0B8009F2893 /* InsuranceModel.m in Sources */ = {isa = PBXBuildFile; fileRef = 18A12ED51C86C0B8009F2893 /* InsuranceModel.m */; };
		18A12EE11C86C0B8009F2893 /* ParabolaView.m in Sources */ = {isa = PBXBuildFile; fileRef = 18A12ED71C86C0B8009F2893 /* ParabolaView.m */; };
		18A12EE21C86C0B8009F2893 /* PolicyScanModel.m in Sources */ = {isa = PBXBuildFile; fileRef = 18A12ED91C86C0B8009F2893 /* PolicyScanModel.m */; };
		18A12EE31C86C0B8009F2893 /* PolicyScanTopView.m in Sources */ = {isa = PBXBuildFile; fileRef = 18A12EDB1C86C0B8009F2893 /* PolicyScanTopView.m */; };
		18A12EE41C86C0B8009F2893 /* StarStripesView.m in Sources */ = {isa = PBXBuildFile; fileRef = 18A12EDD1C86C0B8009F2893 /* StarStripesView.m */; };
		18A12EE51C86C0B8009F2893 /* WaveScaleView.m in Sources */ = {isa = PBXBuildFile; fileRef = 18A12EDF1C86C0B8009F2893 /* WaveScaleView.m */; };
		18A12F031C86C46B009F2893 /* MASCompositeConstraint.m in Sources */ = {isa = PBXBuildFile; fileRef = 18A12EEA1C86C46B009F2893 /* MASCompositeConstraint.m */; };
		18A12F041C86C46B009F2893 /* MASConstraint.m in Sources */ = {isa = PBXBuildFile; fileRef = 18A12EED1C86C46B009F2893 /* MASConstraint.m */; };
		18A12F051C86C46B009F2893 /* MASConstraintMaker.m in Sources */ = {isa = PBXBuildFile; fileRef = 18A12EEF1C86C46B009F2893 /* MASConstraintMaker.m */; };
		18A12F061C86C46B009F2893 /* MASLayoutConstraint.m in Sources */ = {isa = PBXBuildFile; fileRef = 18A12EF11C86C46B009F2893 /* MASLayoutConstraint.m */; };
		18A12F071C86C46B009F2893 /* MASViewAttribute.m in Sources */ = {isa = PBXBuildFile; fileRef = 18A12EF51C86C46B009F2893 /* MASViewAttribute.m */; };
		18A12F081C86C46B009F2893 /* MASViewConstraint.m in Sources */ = {isa = PBXBuildFile; fileRef = 18A12EF71C86C46B009F2893 /* MASViewConstraint.m */; };
		18A12F091C86C46B009F2893 /* NSArray+MASAdditions.m in Sources */ = {isa = PBXBuildFile; fileRef = 18A12EF91C86C46B009F2893 /* NSArray+MASAdditions.m */; };
		18A12F0A1C86C46B009F2893 /* NSLayoutConstraint+MASDebugAdditions.m in Sources */ = {isa = PBXBuildFile; fileRef = 18A12EFC1C86C46B009F2893 /* NSLayoutConstraint+MASDebugAdditions.m */; };
		18A12F0B1C86C46B009F2893 /* View+MASAdditions.m in Sources */ = {isa = PBXBuildFile; fileRef = 18A12EFE1C86C46B009F2893 /* View+MASAdditions.m */; };
		18A12F0C1C86C46B009F2893 /* ViewController+MASAdditions.m in Sources */ = {isa = PBXBuildFile; fileRef = 18A12F011C86C46B009F2893 /* ViewController+MASAdditions.m */; };
		18A12F0F1C86C4D5009F2893 /* LuJinSuoViewController.m in Sources */ = {isa = PBXBuildFile; fileRef = 18A12F0E1C86C4D5009F2893 /* LuJinSuoViewController.m */; };
/* End PBXBuildFile section */

/* Begin PBXContainerItemProxy section */
		182651741B82858900E0B94C /* PBXContainerItemProxy */ = {
			isa = PBXContainerItemProxy;
			containerPortal = 182651521B82858900E0B94C /* Project object */;
			proxyType = 1;
			remoteGlobalIDString = 182651591B82858900E0B94C;
			remoteInfo = CurveLineDemo;
		};
/* End PBXContainerItemProxy section */

/* Begin PBXFileReference section */
		1826515A1B82858900E0B94C /* CurveLineDemo.app */ = {isa = PBXFileReference; explicitFileType = wrapper.application; includeInIndex = 0; path = CurveLineDemo.app; sourceTree = BUILT_PRODUCTS_DIR; };
		1826515E1B82858900E0B94C /* Info.plist */ = {isa = PBXFileReference; lastKnownFileType = text.plist.xml; path = Info.plist; sourceTree = "<group>"; };
		1826515F1B82858900E0B94C /* main.m */ = {isa = PBXFileReference; lastKnownFileType = sourcecode.c.objc; path = main.m; sourceTree = "<group>"; };
		182651611B82858900E0B94C /* AppDelegate.h */ = {isa = PBXFileReference; lastKnownFileType = sourcecode.c.h; path = AppDelegate.h; sourceTree = "<group>"; };
		182651621B82858900E0B94C /* AppDelegate.m */ = {isa = PBXFileReference; lastKnownFileType = sourcecode.c.objc; path = AppDelegate.m; sourceTree = "<group>"; };
		182651681B82858900E0B94C /* Base */ = {isa = PBXFileReference; lastKnownFileType = file.storyboard; name = Base; path = Base.lproj/Main.storyboard; sourceTree = "<group>"; };
		1826516A1B82858900E0B94C /* Images.xcassets */ = {isa = PBXFileReference; lastKnownFileType = folder.assetcatalog; path = Images.xcassets; sourceTree = "<group>"; };
		1826516D1B82858900E0B94C /* Base */ = {isa = PBXFileReference; lastKnownFileType = file.xib; name = Base; path = Base.lproj/LaunchScreen.xib; sourceTree = "<group>"; };
		182651731B82858900E0B94C /* CurveLineDemoTests.xctest */ = {isa = PBXFileReference; explicitFileType = wrapper.cfbundle; includeInIndex = 0; path = CurveLineDemoTests.xctest; sourceTree = BUILT_PRODUCTS_DIR; };
		182651781B82858900E0B94C /* Info.plist */ = {isa = PBXFileReference; lastKnownFileType = text.plist.xml; path = Info.plist; sourceTree = "<group>"; };
		182651791B82858900E0B94C /* CurveLineDemoTests.m */ = {isa = PBXFileReference; lastKnownFileType = sourcecode.c.objc; path = CurveLineDemoTests.m; sourceTree = "<group>"; };
		183E77EE1C882C0C001D575E /* LuJinSuoOrderCell.h */ = {isa = PBXFileReference; fileEncoding = 4; lastKnownFileType = sourcecode.c.h; path = LuJinSuoOrderCell.h; sourceTree = "<group>"; };
		183E77EF1C882C0C001D575E /* LuJinSuoOrderCell.m */ = {isa = PBXFileReference; fileEncoding = 4; lastKnownFileType = sourcecode.c.objc; path = LuJinSuoOrderCell.m; sourceTree = "<group>"; };
		183E77F01C882C0C001D575E /* LuJinSuoOrderDetailCell.h */ = {isa = PBXFileReference; fileEncoding = 4; lastKnownFileType = sourcecode.c.h; path = LuJinSuoOrderDetailCell.h; sourceTree = "<group>"; };
		183E77F11C882C0C001D575E /* LuJinSuoOrderDetailCell.m */ = {isa = PBXFileReference; fileEncoding = 4; lastKnownFileType = sourcecode.c.objc; path = LuJinSuoOrderDetailCell.m; sourceTree = "<group>"; };
		183E77F21C882C0C001D575E /* LuJinSuoProductCell.h */ = {isa = PBXFileReference; fileEncoding = 4; lastKnownFileType = sourcecode.c.h; path = LuJinSuoProductCell.h; sourceTree = "<group>"; };
		183E77F31C882C0C001D575E /* LuJinSuoProductCell.m */ = {isa = PBXFileReference; fileEncoding = 4; lastKnownFileType = sourcecode.c.objc; path = LuJinSuoProductCell.m; sourceTree = "<group>"; };
		184966CA1B9C3B6400B51494 /* ViewController.h */ = {isa = PBXFileReference; fileEncoding = 4; lastKnownFileType = sourcecode.c.h; name = ViewController.h; path = "波形图/ViewController.h"; sourceTree = "<group>"; };
		184966CB1B9C3B6400B51494 /* ViewController.m */ = {isa = PBXFileReference; fileEncoding = 4; lastKnownFileType = sourcecode.c.objc; name = ViewController.m; path = "波形图/ViewController.m"; sourceTree = "<group>"; };
		18A12ED41C86C0B8009F2893 /* InsuranceModel.h */ = {isa = PBXFileReference; fileEncoding = 4; lastKnownFileType = sourcecode.c.h; path = InsuranceModel.h; sourceTree = "<group>"; };
		18A12ED51C86C0B8009F2893 /* InsuranceModel.m */ = {isa = PBXFileReference; fileEncoding = 4; lastKnownFileType = sourcecode.c.objc; path = InsuranceModel.m; sourceTree = "<group>"; };
		18A12ED61C86C0B8009F2893 /* ParabolaView.h */ = {isa = PBXFileReference; fileEncoding = 4; lastKnownFileType = sourcecode.c.h; path = ParabolaView.h; sourceTree = "<group>"; };
		18A12ED71C86C0B8009F2893 /* ParabolaView.m */ = {isa = PBXFileReference; fileEncoding = 4; lastKnownFileType = sourcecode.c.objc; path = ParabolaView.m; sourceTree = "<group>"; };
		18A12ED81C86C0B8009F2893 /* PolicyScanModel.h */ = {isa = PBXFileReference; fileEncoding = 4; lastKnownFileType = sourcecode.c.h; path = PolicyScanModel.h; sourceTree = "<group>"; };
		18A12ED91C86C0B8009F2893 /* PolicyScanModel.m */ = {isa = PBXFileReference; fileEncoding = 4; lastKnownFileType = sourcecode.c.objc; path = PolicyScanModel.m; sourceTree = "<group>"; };
		18A12EDA1C86C0B8009F2893 /* PolicyScanTopView.h */ = {isa = PBXFileReference; fileEncoding = 4; lastKnownFileType = sourcecode.c.h; path = PolicyScanTopView.h; sourceTree = "<group>"; };
		18A12EDB1C86C0B8009F2893 /* PolicyScanTopView.m */ = {isa = PBXFileReference; fileEncoding = 4; lastKnownFileType = sourcecode.c.objc; path = PolicyScanTopView.m; sourceTree = "<group>"; };
		18A12EDC1C86C0B8009F2893 /* StarStripesView.h */ = {isa = PBXFileReference; fileEncoding = 4; lastKnownFileType = sourcecode.c.h; path = StarStripesView.h; sourceTree = "<group>"; };
		18A12EDD1C86C0B8009F2893 /* StarStripesView.m */ = {isa = PBXFileReference; fileEncoding = 4; lastKnownFileType = sourcecode.c.objc; path = StarStripesView.m; sourceTree = "<group>"; };
		18A12EDE1C86C0B8009F2893 /* WaveScaleView.h */ = {isa = PBXFileReference; fileEncoding = 4; lastKnownFileType = sourcecode.c.h; path = WaveScaleView.h; sourceTree = "<group>"; };
		18A12EDF1C86C0B8009F2893 /* WaveScaleView.m */ = {isa = PBXFileReference; fileEncoding = 4; lastKnownFileType = sourcecode.c.objc; path = WaveScaleView.m; sourceTree = "<group>"; };
		18A12EE91C86C46B009F2893 /* MASCompositeConstraint.h */ = {isa = PBXFileReference; fileEncoding = 4; lastKnownFileType = sourcecode.c.h; path = MASCompositeConstraint.h; sourceTree = "<group>"; };
		18A12EEA1C86C46B009F2893 /* MASCompositeConstraint.m */ = {isa = PBXFileReference; fileEncoding = 4; lastKnownFileType = sourcecode.c.objc; path = MASCompositeConstraint.m; sourceTree = "<group>"; };
		18A12EEB1C86C46B009F2893 /* MASConstraint+Private.h */ = {isa = PBXFileReference; fileEncoding = 4; lastKnownFileType = sourcecode.c.h; path = "MASConstraint+Private.h"; sourceTree = "<group>"; };
		18A12EEC1C86C46B009F2893 /* MASConstraint.h */ = {isa = PBXFileReference; fileEncoding = 4; lastKnownFileType = sourcecode.c.h; path = MASConstraint.h; sourceTree = "<group>"; };
		18A12EED1C86C46B009F2893 /* MASConstraint.m */ = {isa = PBXFileReference; fileEncoding = 4; lastKnownFileType = sourcecode.c.objc; path = MASConstraint.m; sourceTree = "<group>"; };
		18A12EEE1C86C46B009F2893 /* MASConstraintMaker.h */ = {isa = PBXFileReference; fileEncoding = 4; lastKnownFileType = sourcecode.c.h; path = MASConstraintMaker.h; sourceTree = "<group>"; };
		18A12EEF1C86C46B009F2893 /* MASConstraintMaker.m */ = {isa = PBXFileReference; fileEncoding = 4; lastKnownFileType = sourcecode.c.objc; path = MASConstraintMaker.m; sourceTree = "<group>"; };
		18A12EF01C86C46B009F2893 /* MASLayoutConstraint.h */ = {isa = PBXFileReference; fileEncoding = 4; lastKnownFileType = sourcecode.c.h; path = MASLayoutConstraint.h; sourceTree = "<group>"; };
		18A12EF11C86C46B009F2893 /* MASLayoutConstraint.m */ = {isa = PBXFileReference; fileEncoding = 4; lastKnownFileType = sourcecode.c.objc; path = MASLayoutConstraint.m; sourceTree = "<group>"; };
		18A12EF21C86C46B009F2893 /* Masonry.h */ = {isa = PBXFileReference; fileEncoding = 4; lastKnownFileType = sourcecode.c.h; path = Masonry.h; sourceTree = "<group>"; };
		18A12EF31C86C46B009F2893 /* MASUtilities.h */ = {isa = PBXFileReference; fileEncoding = 4; lastKnownFileType = sourcecode.c.h; path = MASUtilities.h; sourceTree = "<group>"; };
		18A12EF41C86C46B009F2893 /* MASViewAttribute.h */ = {isa = PBXFileReference; fileEncoding = 4; lastKnownFileType = sourcecode.c.h; path = MASViewAttribute.h; sourceTree = "<group>"; };
		18A12EF51C86C46B009F2893 /* MASViewAttribute.m */ = {isa = PBXFileReference; fileEncoding = 4; lastKnownFileType = sourcecode.c.objc; path = MASViewAttribute.m; sourceTree = "<group>"; };
		18A12EF61C86C46B009F2893 /* MASViewConstraint.h */ = {isa = PBXFileReference; fileEncoding = 4; lastKnownFileType = sourcecode.c.h; path = MASViewConstraint.h; sourceTree = "<group>"; };
		18A12EF71C86C46B009F2893 /* MASViewConstraint.m */ = {isa = PBXFileReference; fileEncoding = 4; lastKnownFileType = sourcecode.c.objc; path = MASViewConstraint.m; sourceTree = "<group>"; };
		18A12EF81C86C46B009F2893 /* NSArray+MASAdditions.h */ = {isa = PBXFileReference; fileEncoding = 4; lastKnownFileType = sourcecode.c.h; path = "NSArray+MASAdditions.h"; sourceTree = "<group>"; };
		18A12EF91C86C46B009F2893 /* NSArray+MASAdditions.m */ = {isa = PBXFileReference; fileEncoding = 4; lastKnownFileType = sourcecode.c.objc; path = "NSArray+MASAdditions.m"; sourceTree = "<group>"; };
		18A12EFA1C86C46B009F2893 /* NSArray+MASShorthandAdditions.h */ = {isa = PBXFileReference; fileEncoding = 4; lastKnownFileType = sourcecode.c.h; path = "NSArray+MASShorthandAdditions.h"; sourceTree = "<group>"; };
		18A12EFB1C86C46B009F2893 /* NSLayoutConstraint+MASDebugAdditions.h */ = {isa = PBXFileReference; fileEncoding = 4; lastKnownFileType = sourcecode.c.h; path = "NSLayoutConstraint+MASDebugAdditions.h"; sourceTree = "<group>"; };
		18A12EFC1C86C46B009F2893 /* NSLayoutConstraint+MASDebugAdditions.m */ = {isa = PBXFileReference; fileEncoding = 4; lastKnownFileType = sourcecode.c.objc; path = "NSLayoutConstraint+MASDebugAdditions.m"; sourceTree = "<group>"; };
		18A12EFD1C86C46B009F2893 /* View+MASAdditions.h */ = {isa = PBXFileReference; fileEncoding = 4; lastKnownFileType = sourcecode.c.h; path = "View+MASAdditions.h"; sourceTree = "<group>"; };
		18A12EFE1C86C46B009F2893 /* View+MASAdditions.m */ = {isa = PBXFileReference; fileEncoding = 4; lastKnownFileType = sourcecode.c.objc; path = "View+MASAdditions.m"; sourceTree = "<group>"; };
		18A12EFF1C86C46B009F2893 /* View+MASShorthandAdditions.h */ = {isa = PBXFileReference; fileEncoding = 4; lastKnownFileType = sourcecode.c.h; path = "View+MASShorthandAdditions.h"; sourceTree = "<group>"; };
		18A12F001C86C46B009F2893 /* ViewController+MASAdditions.h */ = {isa = PBXFileReference; fileEncoding = 4; lastKnownFileType = sourcecode.c.h; path = "ViewController+MASAdditions.h"; sourceTree = "<group>"; };
		18A12F011C86C46B009F2893 /* ViewController+MASAdditions.m */ = {isa = PBXFileReference; fileEncoding = 4; lastKnownFileType = sourcecode.c.objc; path = "ViewController+MASAdditions.m"; sourceTree = "<group>"; };
		18A12F0D1C86C4D5009F2893 /* LuJinSuoViewController.h */ = {isa = PBXFileReference; fileEncoding = 4; lastKnownFileType = sourcecode.c.h; name = LuJinSuoViewController.h; path = "波形图/陆金所/LuJinSuoViewController.h"; sourceTree = "<group>"; };
		18A12F0E1C86C4D5009F2893 /* LuJinSuoViewController.m */ = {isa = PBXFileReference; fileEncoding = 4; lastKnownFileType = sourcecode.c.objc; name = LuJinSuoViewController.m; path = "波形图/陆金所/LuJinSuoViewController.m"; sourceTree = "<group>"; };
/* End PBXFileReference section */

/* Begin PBXFrameworksBuildPhase section */
		182651571B82858900E0B94C /* Frameworks */ = {
			isa = PBXFrameworksBuildPhase;
			buildActionMask = 2147483647;
			files = (
			);
			runOnlyForDeploymentPostprocessing = 0;
		};
		182651701B82858900E0B94C /* Frameworks */ = {
			isa = PBXFrameworksBuildPhase;
			buildActionMask = 2147483647;
			files = (
			);
			runOnlyForDeploymentPostprocessing = 0;
		};
/* End PBXFrameworksBuildPhase section */

/* Begin PBXGroup section */
		182651511B82858900E0B94C = {
			isa = PBXGroup;
			children = (
				1826515C1B82858900E0B94C /* CurveLineDemo */,
				182651761B82858900E0B94C /* CurveLineDemoTests */,
				1826515B1B82858900E0B94C /* Products */,
			);
			sourceTree = "<group>";
		};
		1826515B1B82858900E0B94C /* Products */ = {
			isa = PBXGroup;
			children = (
				1826515A1B82858900E0B94C /* CurveLineDemo.app */,
				182651731B82858900E0B94C /* CurveLineDemoTests.xctest */,
			);
			name = Products;
			sourceTree = "<group>";
		};
		1826515C1B82858900E0B94C /* CurveLineDemo */ = {
			isa = PBXGroup;
			children = (
				182651611B82858900E0B94C /* AppDelegate.h */,
				182651621B82858900E0B94C /* AppDelegate.m */,
				182651671B82858900E0B94C /* Main.storyboard */,
				184966CA1B9C3B6400B51494 /* ViewController.h */,
				184966CB1B9C3B6400B51494 /* ViewController.m */,
				18A12F0D1C86C4D5009F2893 /* LuJinSuoViewController.h */,
				18A12F0E1C86C4D5009F2893 /* LuJinSuoViewController.m */,
				18A12EE61C86C0CE009F2893 /* 陆金所 */,
				18A12ED31C86C0B8009F2893 /* 峰型流动图 */,
				1826516A1B82858900E0B94C /* Images.xcassets */,
				1826516C1B82858900E0B94C /* LaunchScreen.xib */,
				18A12EE71C86C46B009F2893 /* Masonry */,
				1826515D1B82858900E0B94C /* Supporting Files */,
			);
			path = CurveLineDemo;
			sourceTree = "<group>";
		};
		1826515D1B82858900E0B94C /* Supporting Files */ = {
			isa = PBXGroup;
			children = (
				1826515E1B82858900E0B94C /* Info.plist */,
				1826515F1B82858900E0B94C /* main.m */,
			);
			name = "Supporting Files";
			sourceTree = "<group>";
		};
		182651761B82858900E0B94C /* CurveLineDemoTests */ = {
			isa = PBXGroup;
			children = (
				182651791B82858900E0B94C /* CurveLineDemoTests.m */,
				182651771B82858900E0B94C /* Supporting Files */,
			);
			path = CurveLineDemoTests;
			sourceTree = "<group>";
		};
		182651771B82858900E0B94C /* Supporting Files */ = {
			isa = PBXGroup;
			children = (
				182651781B82858900E0B94C /* Info.plist */,
			);
			name = "Supporting Files";
			sourceTree = "<group>";
		};
		18A12ED31C86C0B8009F2893 /* 峰型流动图 */ = {
			isa = PBXGroup;
			children = (
				18A12ED41C86C0B8009F2893 /* InsuranceModel.h */,
				18A12ED51C86C0B8009F2893 /* InsuranceModel.m */,
				18A12ED61C86C0B8009F2893 /* ParabolaView.h */,
				18A12ED71C86C0B8009F2893 /* ParabolaView.m */,
				18A12ED81C86C0B8009F2893 /* PolicyScanModel.h */,
				18A12ED91C86C0B8009F2893 /* PolicyScanModel.m */,
				18A12EDA1C86C0B8009F2893 /* PolicyScanTopView.h */,
				18A12EDB1C86C0B8009F2893 /* PolicyScanTopView.m */,
				18A12EDC1C86C0B8009F2893 /* StarStripesView.h */,
				18A12EDD1C86C0B8009F2893 /* StarStripesView.m */,
				18A12EDE1C86C0B8009F2893 /* WaveScaleView.h */,
				18A12EDF1C86C0B8009F2893 /* WaveScaleView.m */,
			);
			name = "峰型流动图";
			path = "波形图/峰型流动图";
			sourceTree = "<group>";
		};
		18A12EE61C86C0CE009F2893 /* 陆金所 */ = {
			isa = PBXGroup;
			children = (
				183E77EE1C882C0C001D575E /* LuJinSuoOrderCell.h */,
				183E77EF1C882C0C001D575E /* LuJinSuoOrderCell.m */,
				183E77F01C882C0C001D575E /* LuJinSuoOrderDetailCell.h */,
				183E77F11C882C0C001D575E /* LuJinSuoOrderDetailCell.m */,
				183E77F21C882C0C001D575E /* LuJinSuoProductCell.h */,
				183E77F31C882C0C001D575E /* LuJinSuoProductCell.m */,
			);
			name = "陆金所";
			path = "波形图/陆金所";
			sourceTree = "<group>";
		};
		18A12EE71C86C46B009F2893 /* Masonry */ = {
			isa = PBXGroup;
			children = (
				18A12EE91C86C46B009F2893 /* MASCompositeConstraint.h */,
				18A12EEA1C86C46B009F2893 /* MASCompositeConstraint.m */,
				18A12EEB1C86C46B009F2893 /* MASConstraint+Private.h */,
				18A12EEC1C86C46B009F2893 /* MASConstraint.h */,
				18A12EED1C86C46B009F2893 /* MASConstraint.m */,
				18A12EEE1C86C46B009F2893 /* MASConstraintMaker.h */,
				18A12EEF1C86C46B009F2893 /* MASConstraintMaker.m */,
				18A12EF01C86C46B009F2893 /* MASLayoutConstraint.h */,
				18A12EF11C86C46B009F2893 /* MASLayoutConstraint.m */,
				18A12EF21C86C46B009F2893 /* Masonry.h */,
				18A12EF31C86C46B009F2893 /* MASUtilities.h */,
				18A12EF41C86C46B009F2893 /* MASViewAttribute.h */,
				18A12EF51C86C46B009F2893 /* MASViewAttribute.m */,
				18A12EF61C86C46B009F2893 /* MASViewConstraint.h */,
				18A12EF71C86C46B009F2893 /* MASViewConstraint.m */,
				18A12EF81C86C46B009F2893 /* NSArray+MASAdditions.h */,
				18A12EF91C86C46B009F2893 /* NSArray+MASAdditions.m */,
				18A12EFA1C86C46B009F2893 /* NSArray+MASShorthandAdditions.h */,
				18A12EFB1C86C46B009F2893 /* NSLayoutConstraint+MASDebugAdditions.h */,
				18A12EFC1C86C46B009F2893 /* NSLayoutConstraint+MASDebugAdditions.m */,
				18A12EFD1C86C46B009F2893 /* View+MASAdditions.h */,
				18A12EFE1C86C46B009F2893 /* View+MASAdditions.m */,
				18A12EFF1C86C46B009F2893 /* View+MASShorthandAdditions.h */,
				18A12F001C86C46B009F2893 /* ViewController+MASAdditions.h */,
				18A12F011C86C46B009F2893 /* ViewController+MASAdditions.m */,
			);
			path = Masonry;
			sourceTree = "<group>";
		};
/* End PBXGroup section */

/* Begin PBXNativeTarget section */
		182651591B82858900E0B94C /* CurveLineDemo */ = {
			isa = PBXNativeTarget;
			buildConfigurationList = 1826517D1B82858900E0B94C /* Build configuration list for PBXNativeTarget "CurveLineDemo" */;
			buildPhases = (
				182651561B82858900E0B94C /* Sources */,
				182651571B82858900E0B94C /* Frameworks */,
				182651581B82858900E0B94C /* Resources */,
			);
			buildRules = (
			);
			dependencies = (
			);
			name = CurveLineDemo;
			productName = CurveLineDemo;
			productReference = 1826515A1B82858900E0B94C /* CurveLineDemo.app */;
			productType = "com.apple.product-type.application";
		};
		182651721B82858900E0B94C /* CurveLineDemoTests */ = {
			isa = PBXNativeTarget;
			buildConfigurationList = 182651801B82858900E0B94C /* Build configuration list for PBXNativeTarget "CurveLineDemoTests" */;
			buildPhases = (
				1826516F1B82858900E0B94C /* Sources */,
				182651701B82858900E0B94C /* Frameworks */,
				182651711B82858900E0B94C /* Resources */,
			);
			buildRules = (
			);
			dependencies = (
				182651751B82858900E0B94C /* PBXTargetDependency */,
			);
			name = CurveLineDemoTests;
			productName = CurveLineDemoTests;
			productReference = 182651731B82858900E0B94C /* CurveLineDemoTests.xctest */;
			productType = "com.apple.product-type.bundle.unit-test";
		};
/* End PBXNativeTarget section */

/* Begin PBXProject section */
		182651521B82858900E0B94C /* Project object */ = {
			isa = PBXProject;
			attributes = {
				LastUpgradeCheck = 0640;
				ORGANIZATIONNAME = MZ;
				TargetAttributes = {
					182651591B82858900E0B94C = {
						CreatedOnToolsVersion = 6.4;
					};
					182651721B82858900E0B94C = {
						CreatedOnToolsVersion = 6.4;
						TestTargetID = 182651591B82858900E0B94C;
					};
				};
			};
			buildConfigurationList = 182651551B82858900E0B94C /* Build configuration list for PBXProject "CurveLineDemo" */;
			compatibilityVersion = "Xcode 3.2";
			developmentRegion = English;
			hasScannedForEncodings = 0;
			knownRegions = (
				en,
				Base,
			);
			mainGroup = 182651511B82858900E0B94C;
			productRefGroup = 1826515B1B82858900E0B94C /* Products */;
			projectDirPath = "";
			projectRoot = "";
			targets = (
				182651591B82858900E0B94C /* CurveLineDemo */,
				182651721B82858900E0B94C /* CurveLineDemoTests */,
			);
		};
/* End PBXProject section */

/* Begin PBXResourcesBuildPhase section */
		182651581B82858900E0B94C /* Resources */ = {
			isa = PBXResourcesBuildPhase;
			buildActionMask = 2147483647;
			files = (
				182651691B82858900E0B94C /* Main.storyboard in Resources */,
				1826516E1B82858900E0B94C /* LaunchScreen.xib in Resources */,
				1826516B1B82858900E0B94C /* Images.xcassets in Resources */,
			);
			runOnlyForDeploymentPostprocessing = 0;
		};
		182651711B82858900E0B94C /* Resources */ = {
			isa = PBXResourcesBuildPhase;
			buildActionMask = 2147483647;
			files = (
			);
			runOnlyForDeploymentPostprocessing = 0;
		};
/* End PBXResourcesBuildPhase section */

/* Begin PBXSourcesBuildPhase section */
		182651561B82858900E0B94C /* Sources */ = {
			isa = PBXSourcesBuildPhase;
			buildActionMask = 2147483647;
			files = (
				18A12F081C86C46B009F2893 /* MASViewConstraint.m in Sources */,
				18A12EE01C86C0B8009F2893 /* InsuranceModel.m in Sources */,
				183E77F71C882C0C001D575E /* LuJinSuoOrderDetailCell.m in Sources */,
				18A12F071C86C46B009F2893 /* MASViewAttribute.m in Sources */,
				184966D31B9C3B6400B51494 /* ViewController.m in Sources */,
				18A12EE21C86C0B8009F2893 /* PolicyScanModel.m in Sources */,
				18A12EE41C86C0B8009F2893 /* StarStripesView.m in Sources */,
				18A12F031C86C46B009F2893 /* MASCompositeConstraint.m in Sources */,
				18A12F051C86C46B009F2893 /* MASConstraintMaker.m in Sources */,
				18A12F0B1C86C46B009F2893 /* View+MASAdditions.m in Sources */,
				18A12F061C86C46B009F2893 /* MASLayoutConstraint.m in Sources */,
				18A12F0C1C86C46B009F2893 /* ViewController+MASAdditions.m in Sources */,
				18A12F041C86C46B009F2893 /* MASConstraint.m in Sources */,
				183E77F81C882C0C001D575E /* LuJinSuoProductCell.m in Sources */,
				18A12EE11C86C0B8009F2893 /* ParabolaView.m in Sources */,
				183E77F61C882C0C001D575E /* LuJinSuoOrderCell.m in Sources */,
				18A12EE51C86C0B8009F2893 /* WaveScaleView.m in Sources */,
				18A12F091C86C46B009F2893 /* NSArray+MASAdditions.m in Sources */,
				18A12F0F1C86C4D5009F2893 /* LuJinSuoViewController.m in Sources */,
				18A12F0A1C86C46B009F2893 /* NSLayoutConstraint+MASDebugAdditions.m in Sources */,
				182651631B82858900E0B94C /* AppDelegate.m in Sources */,
				18A12EE31C86C0B8009F2893 /* PolicyScanTopView.m in Sources */,
				182651601B82858900E0B94C /* main.m in Sources */,
			);
			runOnlyForDeploymentPostprocessing = 0;
		};
		1826516F1B82858900E0B94C /* Sources */ = {
			isa = PBXSourcesBuildPhase;
			buildActionMask = 2147483647;
			files = (
				1826517A1B82858900E0B94C /* CurveLineDemoTests.m in Sources */,
			);
			runOnlyForDeploymentPostprocessing = 0;
		};
/* End PBXSourcesBuildPhase section */

/* Begin PBXTargetDependency section */
		182651751B82858900E0B94C /* PBXTargetDependency */ = {
			isa = PBXTargetDependency;
			target = 182651591B82858900E0B94C /* CurveLineDemo */;
			targetProxy = 182651741B82858900E0B94C /* PBXContainerItemProxy */;
		};
/* End PBXTargetDependency section */

/* Begin PBXVariantGroup section */
		182651671B82858900E0B94C /* Main.storyboard */ = {
			isa = PBXVariantGroup;
			children = (
				182651681B82858900E0B94C /* Base */,
			);
			name = Main.storyboard;
			sourceTree = "<group>";
		};
		1826516C1B82858900E0B94C /* LaunchScreen.xib */ = {
			isa = PBXVariantGroup;
			children = (
				1826516D1B82858900E0B94C /* Base */,
			);
			name = LaunchScreen.xib;
			sourceTree = "<group>";
		};
/* End PBXVariantGroup section */

/* Begin XCBuildConfiguration section */
		1826517B1B82858900E0B94C /* Debug */ = {
			isa = XCBuildConfiguration;
			buildSettings = {
				ALWAYS_SEARCH_USER_PATHS = NO;
				CLANG_CXX_LANGUAGE_STANDARD = "gnu++0x";
				CLANG_CXX_LIBRARY = "libc++";
				CLANG_ENABLE_MODULES = YES;
				CLANG_ENABLE_OBJC_ARC = YES;
				CLANG_WARN_BOOL_CONVERSION = YES;
				CLANG_WARN_CONSTANT_CONVERSION = YES;
				CLANG_WARN_DIRECT_OBJC_ISA_USAGE = YES_ERROR;
				CLANG_WARN_EMPTY_BODY = YES;
				CLANG_WARN_ENUM_CONVERSION = YES;
				CLANG_WARN_INT_CONVERSION = YES;
				CLANG_WARN_OBJC_ROOT_CLASS = YES_ERROR;
				CLANG_WARN_UNREACHABLE_CODE = YES;
				CLANG_WARN__DUPLICATE_METHOD_MATCH = YES;
				"CODE_SIGN_IDENTITY[sdk=iphoneos*]" = "iPhone Developer";
				COPY_PHASE_STRIP = NO;
				DEBUG_INFORMATION_FORMAT = "dwarf-with-dsym";
				ENABLE_STRICT_OBJC_MSGSEND = YES;
				GCC_C_LANGUAGE_STANDARD = gnu99;
				GCC_DYNAMIC_NO_PIC = NO;
				GCC_NO_COMMON_BLOCKS = YES;
				GCC_OPTIMIZATION_LEVEL = 0;
				GCC_PREPROCESSOR_DEFINITIONS = (
					"DEBUG=1",
					"$(inherited)",
				);
				GCC_SYMBOLS_PRIVATE_EXTERN = NO;
				GCC_WARN_64_TO_32_BIT_CONVERSION = YES;
				GCC_WARN_ABOUT_RETURN_TYPE = YES_ERROR;
				GCC_WARN_UNDECLARED_SELECTOR = YES;
				GCC_WARN_UNINITIALIZED_AUTOS = YES_AGGRESSIVE;
				GCC_WARN_UNUSED_FUNCTION = YES;
				GCC_WARN_UNUSED_VARIABLE = YES;
				IPHONEOS_DEPLOYMENT_TARGET = 8.4;
				MTL_ENABLE_DEBUG_INFO = YES;
				ONLY_ACTIVE_ARCH = YES;
				SDKROOT = iphoneos;
			};
			name = Debug;
		};
		1826517C1B82858900E0B94C /* Release */ = {
			isa = XCBuildConfiguration;
			buildSettings = {
				ALWAYS_SEARCH_USER_PATHS = NO;
				CLANG_CXX_LANGUAGE_STANDARD = "gnu++0x";
				CLANG_CXX_LIBRARY = "libc++";
				CLANG_ENABLE_MODULES = YES;
				CLANG_ENABLE_OBJC_ARC = YES;
				CLANG_WARN_BOOL_CONVERSION = YES;
				CLANG_WARN_CONSTANT_CONVERSION = YES;
				CLANG_WARN_DIRECT_OBJC_ISA_USAGE = YES_ERROR;
				CLANG_WARN_EMPTY_BODY = YES;
				CLANG_WARN_ENUM_CONVERSION = YES;
				CLANG_WARN_INT_CONVERSION = YES;
				CLANG_WARN_OBJC_ROOT_CLASS = YES_ERROR;
				CLANG_WARN_UNREACHABLE_CODE = YES;
				CLANG_WARN__DUPLICATE_METHOD_MATCH = YES;
				"CODE_SIGN_IDENTITY[sdk=iphoneos*]" = "iPhone Developer";
				COPY_PHASE_STRIP = NO;
				DEBUG_INFORMATION_FORMAT = "dwarf-with-dsym";
				ENABLE_NS_ASSERTIONS = NO;
				ENABLE_STRICT_OBJC_MSGSEND = YES;
				GCC_C_LANGUAGE_STANDARD = gnu99;
				GCC_NO_COMMON_BLOCKS = YES;
				GCC_WARN_64_TO_32_BIT_CONVERSION = YES;
				GCC_WARN_ABOUT_RETURN_TYPE = YES_ERROR;
				GCC_WARN_UNDECLARED_SELECTOR = YES;
				GCC_WARN_UNINITIALIZED_AUTOS = YES_AGGRESSIVE;
				GCC_WARN_UNUSED_FUNCTION = YES;
				GCC_WARN_UNUSED_VARIABLE = YES;
				IPHONEOS_DEPLOYMENT_TARGET = 8.4;
				MTL_ENABLE_DEBUG_INFO = NO;
				SDKROOT = iphoneos;
				VALIDATE_PRODUCT = YES;
			};
			name = Release;
		};
		1826517E1B82858900E0B94C /* Debug */ = {
			isa = XCBuildConfiguration;
			buildSettings = {
				ASSETCATALOG_COMPILER_APPICON_NAME = AppIcon;
				INFOPLIST_FILE = CurveLineDemo/Info.plist;
				LD_RUNPATH_SEARCH_PATHS = "$(inherited) @executable_path/Frameworks";
				PRODUCT_NAME = "$(TARGET_NAME)";
			};
			name = Debug;
		};
		1826517F1B82858900E0B94C /* Release */ = {
			isa = XCBuildConfiguration;
			buildSettings = {
				ASSETCATALOG_COMPILER_APPICON_NAME = AppIcon;
				INFOPLIST_FILE = CurveLineDemo/Info.plist;
				LD_RUNPATH_SEARCH_PATHS = "$(inherited) @executable_path/Frameworks";
				PRODUCT_NAME = "$(TARGET_NAME)";
			};
			name = Release;
		};
		182651811B82858900E0B94C /* Debug */ = {
			isa = XCBuildConfiguration;
			buildSettings = {
				BUNDLE_LOADER = "$(TEST_HOST)";
				FRAMEWORK_SEARCH_PATHS = (
					"$(SDKROOT)/Developer/Library/Frameworks",
					"$(inherited)",
				);
				GCC_PREPROCESSOR_DEFINITIONS = (
					"DEBUG=1",
					"$(inherited)",
				);
				INFOPLIST_FILE = CurveLineDemoTests/Info.plist;
				LD_RUNPATH_SEARCH_PATHS = "$(inherited) @executable_path/Frameworks @loader_path/Frameworks";
				PRODUCT_NAME = "$(TARGET_NAME)";
				TEST_HOST = "$(BUILT_PRODUCTS_DIR)/CurveLineDemo.app/CurveLineDemo";
			};
			name = Debug;
		};
		182651821B82858900E0B94C /* Release */ = {
			isa = XCBuildConfiguration;
			buildSettings = {
				BUNDLE_LOADER = "$(TEST_HOST)";
				FRAMEWORK_SEARCH_PATHS = (
					"$(SDKROOT)/Developer/Library/Frameworks",
					"$(inherited)",
				);
				INFOPLIST_FILE = CurveLineDemoTests/Info.plist;
				LD_RUNPATH_SEARCH_PATHS = "$(inherited) @executable_path/Frameworks @loader_path/Frameworks";
				PRODUCT_NAME = "$(TARGET_NAME)";
				TEST_HOST = "$(BUILT_PRODUCTS_DIR)/CurveLineDemo.app/CurveLineDemo";
			};
			name = Release;
		};
/* End XCBuildConfiguration section */

/* Begin XCConfigurationList section */
		182651551B82858900E0B94C /* Build configuration list for PBXProject "CurveLineDemo" */ = {
			isa = XCConfigurationList;
			buildConfigurations = (
				1826517B1B82858900E0B94C /* Debug */,
				1826517C1B82858900E0B94C /* Release */,
			);
			defaultConfigurationIsVisible = 0;
			defaultConfigurationName = Release;
		};
		1826517D1B82858900E0B94C /* Build configuration list for PBXNativeTarget "CurveLineDemo" */ = {
			isa = XCConfigurationList;
			buildConfigurations = (
				1826517E1B82858900E0B94C /* Debug */,
				1826517F1B82858900E0B94C /* Release */,
			);
			defaultConfigurationIsVisible = 0;
			defaultConfigurationName = Release;
		};
		182651801B82858900E0B94C /* Build configuration list for PBXNativeTarget "CurveLineDemoTests" */ = {
			isa = XCConfigurationList;
			buildConfigurations = (
				182651811B82858900E0B94C /* Debug */,
				182651821B82858900E0B94C /* Release */,
			);
			defaultConfigurationIsVisible = 0;
			defaultConfigurationName = Release;
		};
/* End XCConfigurationList section */
	};
	rootObject = 182651521B82858900E0B94C /* Project object */;
}
